
Microsoft Visual Studio Solution File, Format Version 12.00
# Visual Studio Version 17
VisualStudioVersion = 17.4.33205.214
MinimumVisualStudioVersion = 10.0.40219.1
Project("{9A19103F-16F7-4668-BE54-9A1E7A4F7556}") = "SpartakHRM.UserService.API", "SpartakHRM\SpartakHRM.UserService.API.csproj", "{6C560B81-DD42-4BC8-A81D-8F23A4766493}"
EndProject
Project("{9A19103F-16F7-4668-BE54-9A1E7A4F7556}") = "SpartakHRM.UserService.DAL", "SpartakHRM.UserService.DAL\SpartakHRM.UserService.DAL.csproj", "{71F10284-FBBE-4FD7-A66F-CBF5A85441C3}"
EndProject
Project("{9A19103F-16F7-4668-BE54-9A1E7A4F7556}") = "SpartakHRM.UserService.BLL", "SpartakHRM.UserService.BLL\SpartakHRM.UserService.BLL.csproj", "{84CBB0A4-C33B-4E6C-967F-836A32B197FB}"
EndProject
Project("{2150E333-8FDC-42A3-9474-1A3956D46DE8}") = "GitLab", "GitLab", "{0785BC31-6789-415B-91B2-0F07FD331157}"
	ProjectSection(SolutionItems) = preProject
		.gitlab-ci.yml = .gitlab-ci.yml
	EndProjectSection
EndProject
Project("{9A19103F-16F7-4668-BE54-9A1E7A4F7556}") = "SpartakHRM.IntegrationTest", "SpartakHRM.Test\SpartakHRM.IntegrationTest.csproj", "{183C062E-1137-4211-BCC4-1139C9C089A8}"
EndProject
Project("{9A19103F-16F7-4668-BE54-9A1E7A4F7556}") = "SpartakHRM.UnitTest", "UnitTest\SpartakHRM.UnitTest.csproj", "{F00F0B97-644D-461F-90E6-BAABEBD94606}"
EndProject
Global
	GlobalSection(SolutionConfigurationPlatforms) = preSolution
		Debug|Any CPU = Debug|Any CPU
		Release|Any CPU = Release|Any CPU
	EndGlobalSection
	GlobalSection(ProjectConfigurationPlatforms) = postSolution
		{6C560B81-DD42-4BC8-A81D-8F23A4766493}.Debug|Any CPU.ActiveCfg = Debug|Any CPU
		{6C560B81-DD42-4BC8-A81D-8F23A4766493}.Debug|Any CPU.Build.0 = Debug|Any CPU
		{6C560B81-DD42-4BC8-A81D-8F23A4766493}.Release|Any CPU.ActiveCfg = Release|Any CPU
		{6C560B81-DD42-4BC8-A81D-8F23A4766493}.Release|Any CPU.Build.0 = Release|Any CPU
		{71F10284-FBBE-4FD7-A66F-CBF5A85441C3}.Debug|Any CPU.ActiveCfg = Debug|Any CPU
		{71F10284-FBBE-4FD7-A66F-CBF5A85441C3}.Debug|Any CPU.Build.0 = Debug|Any CPU
		{71F10284-FBBE-4FD7-A66F-CBF5A85441C3}.Release|Any CPU.ActiveCfg = Release|Any CPU
		{71F10284-FBBE-4FD7-A66F-CBF5A85441C3}.Release|Any CPU.Build.0 = Release|Any CPU
		{84CBB0A4-C33B-4E6C-967F-836A32B197FB}.Debug|Any CPU.ActiveCfg = Debug|Any CPU
		{84CBB0A4-C33B-4E6C-967F-836A32B197FB}.Debug|Any CPU.Build.0 = Debug|Any CPU
		{84CBB0A4-C33B-4E6C-967F-836A32B197FB}.Release|Any CPU.ActiveCfg = Release|Any CPU
		{84CBB0A4-C33B-4E6C-967F-836A32B197FB}.Release|Any CPU.Build.0 = Release|Any CPU
		{183C062E-1137-4211-BCC4-1139C9C089A8}.Debug|Any CPU.ActiveCfg = Debug|Any CPU
		{183C062E-1137-4211-BCC4-1139C9C089A8}.Debug|Any CPU.Build.0 = Debug|Any CPU
		{183C062E-1137-4211-BCC4-1139C9C089A8}.Release|Any CPU.ActiveCfg = Release|Any CPU
		{183C062E-1137-4211-BCC4-1139C9C089A8}.Release|Any CPU.Build.0 = Release|Any CPU
		{F00F0B97-644D-461F-90E6-BAABEBD94606}.Debug|Any CPU.ActiveCfg = Debug|Any CPU
		{F00F0B97-644D-461F-90E6-BAABEBD94606}.Debug|Any CPU.Build.0 = Debug|Any CPU
		{F00F0B97-644D-461F-90E6-BAABEBD94606}.Release|Any CPU.ActiveCfg = Release|Any CPU
		{F00F0B97-644D-461F-90E6-BAABEBD94606}.Release|Any CPU.Build.0 = Release|Any CPU
	EndGlobalSection
	GlobalSection(SolutionProperties) = preSolution
		HideSolutionNode = FALSE
	EndGlobalSection
	GlobalSection(ExtensibilityGlobals) = postSolution
		SolutionGuid = {E04B3E66-30EB-4C03-8A99-8821836574AC}
	EndGlobalSection
EndGlobal
